
Microsoft Visual Studio Solution File, Format Version 12.00
# Visual Studio 15
VisualStudioVersion = 15.0.27703.2000
MinimumVisualStudioVersion = 10.0.40219.1
Project("{9A19103F-16F7-4668-BE54-9A1E7A4F7556}") = "FastWildcard", "src\FastWildcard\FastWildcard.csproj", "{5F59A854-96EF-4337-85D2-D67F4F985AFD}"
EndProject
Project("{FAE04EC0-301F-11D3-BF4B-00C04F79EFBC}") = "FastWildcard.Performance", "tests\FastWildcard.Performance\FastWildcard.Performance.csproj", "{5C737FA0-EBE2-48E4-A03A-B9327931311D}"
EndProject
Project("{FAE04EC0-301F-11D3-BF4B-00C04F79EFBC}") = "FastWildcard.Performance.Tests", "tests\FastWildcard.Performance.Tests\FastWildcard.Performance.Tests.csproj", "{AD18367B-D8F9-4992-A32C-4F2D2DB99794}"
EndProject
Global
	GlobalSection(SolutionConfigurationPlatforms) = preSolution
		Debug|Any CPU = Debug|Any CPU
		Release|Any CPU = Release|Any CPU
	EndGlobalSection
	GlobalSection(ProjectConfigurationPlatforms) = postSolution
		{5F59A854-96EF-4337-85D2-D67F4F985AFD}.Debug|Any CPU.ActiveCfg = Debug|Any CPU
		{5F59A854-96EF-4337-85D2-D67F4F985AFD}.Debug|Any CPU.Build.0 = Debug|Any CPU
		{5F59A854-96EF-4337-85D2-D67F4F985AFD}.Release|Any CPU.ActiveCfg = Release|Any CPU
		{5F59A854-96EF-4337-85D2-D67F4F985AFD}.Release|Any CPU.Build.0 = Release|Any CPU
		{5C737FA0-EBE2-48E4-A03A-B9327931311D}.Debug|Any CPU.ActiveCfg = Debug|Any CPU
		{5C737FA0-EBE2-48E4-A03A-B9327931311D}.Debug|Any CPU.Build.0 = Debug|Any CPU
		{5C737FA0-EBE2-48E4-A03A-B9327931311D}.Release|Any CPU.ActiveCfg = Release|Any CPU
		{5C737FA0-EBE2-48E4-A03A-B9327931311D}.Release|Any CPU.Build.0 = Release|Any CPU
		{AD18367B-D8F9-4992-A32C-4F2D2DB99794}.Debug|Any CPU.ActiveCfg = Debug|Any CPU
		{AD18367B-D8F9-4992-A32C-4F2D2DB99794}.Debug|Any CPU.Build.0 = Debug|Any CPU
		{AD18367B-D8F9-4992-A32C-4F2D2DB99794}.Release|Any CPU.ActiveCfg = Release|Any CPU
		{AD18367B-D8F9-4992-A32C-4F2D2DB99794}.Release|Any CPU.Build.0 = Release|Any CPU
	EndGlobalSection
	GlobalSection(SolutionProperties) = preSolution
		HideSolutionNode = FALSE
	EndGlobalSection
	GlobalSection(ExtensibilityGlobals) = postSolution
		SolutionGuid = {32FCC5B3-8F6C-495D-8F65-18832BF6F5F0}
	EndGlobalSection
EndGlobal
